
Microsoft Visual Studio Solution File, Format Version 12.00
# Visual Studio 15
VisualStudioVersion = 15.0.28307.1300
MinimumVisualStudioVersion = 10.0.40219.1
Project("{9A19103F-16F7-4668-BE54-9A1E7A4F7556}") = "RestFulApi", "RestFulApi\RestFulApi.csproj", "{DC1B361D-62C2-454D-AA71-1048B5B5874B}"
EndProject
Project("{FAE04EC0-301F-11D3-BF4B-00C04F79EFBC}") = "WeatherForcastRobot", "WeatherForcastRobot\WeatherForcastRobot.csproj", "{9FF363AE-48C2-4203-8248-D2F94F5C141B}"
EndProject
Global
	GlobalSection(SolutionConfigurationPlatforms) = preSolution
		Debug|Any CPU = Debug|Any CPU
		Release|Any CPU = Release|Any CPU
	EndGlobalSection
	GlobalSection(ProjectConfigurationPlatforms) = postSolution
		{DC1B361D-62C2-454D-AA71-1048B5B5874B}.Debug|Any CPU.ActiveCfg = Debug|Any CPU
		{DC1B361D-62C2-454D-AA71-1048B5B5874B}.Debug|Any CPU.Build.0 = Debug|Any CPU
		{DC1B361D-62C2-454D-AA71-1048B5B5874B}.Release|Any CPU.ActiveCfg = Release|Any CPU
		{DC1B361D-62C2-454D-AA71-1048B5B5874B}.Release|Any CPU.Build.0 = Release|Any CPU
		{9FF363AE-48C2-4203-8248-D2F94F5C141B}.Debug|Any CPU.ActiveCfg = Debug|Any CPU
		{9FF363AE-48C2-4203-8248-D2F94F5C141B}.Debug|Any CPU.Build.0 = Debug|Any CPU
		{9FF363AE-48C2-4203-8248-D2F94F5C141B}.Release|Any CPU.ActiveCfg = Release|Any CPU
		{9FF363AE-48C2-4203-8248-D2F94F5C141B}.Release|Any CPU.Build.0 = Release|Any CPU
	EndGlobalSection
	GlobalSection(SolutionProperties) = preSolution
		HideSolutionNode = FALSE
	EndGlobalSection
	GlobalSection(ExtensibilityGlobals) = postSolution
		SolutionGuid = {314BC149-C040-4F50-B2DD-3D39BEEECD6D}
	EndGlobalSection
EndGlobal
